
Microsoft Visual Studio Solution File, Format Version 12.00
# Visual Studio Version 17
VisualStudioVersion = 17.0.32112.339
MinimumVisualStudioVersion = 10.0.40219.1
Project("{FAE04EC0-301F-11D3-BF4B-00C04F79EFBC}") = "bubblePopper", "bubblePopper\bubblePopper.csproj", "{5039CB24-222C-40DC-A96E-6A2903009457}"
EndProject
Global
	GlobalSection(SolutionConfigurationPlatforms) = preSolution
		Debug|Any CPU = Debug|Any CPU
		Release|Any CPU = Release|Any CPU
	EndGlobalSection
	GlobalSection(ProjectConfigurationPlatforms) = postSolution
		{5039CB24-222C-40DC-A96E-6A2903009457}.Debug|Any CPU.ActiveCfg = Debug|Any CPU
		{5039CB24-222C-40DC-A96E-6A2903009457}.Debug|Any CPU.Build.0 = Debug|Any CPU
		{5039CB24-222C-40DC-A96E-6A2903009457}.Release|Any CPU.ActiveCfg = Release|Any CPU
		{5039CB24-222C-40DC-A96E-6A2903009457}.Release|Any CPU.Build.0 = Release|Any CPU
	EndGlobalSection
	GlobalSection(SolutionProperties) = preSolution
		HideSolutionNode = FALSE
	EndGlobalSection
	GlobalSection(ExtensibilityGlobals) = postSolution
		SolutionGuid = {28605CD9-92D5-4A03-A930-53831DC78E09}
	EndGlobalSection
EndGlobal
